<?xml version="1.0" encoding="utf-8"?>
<Project ToolsVersion="4.0" xmlns="http://schemas.microsoft.com/developer/msbuild/2003">
  <ItemGroup>
    <Filter Include="Archivos de origen">
      <UniqueIdentifier>{4FC737F1-C7A5-4376-A066-2A32D752A2FF}</UniqueIdentifier>
      <Extensions>cpp;c;cc;cxx;c++;cppm;ixx;def;odl;idl;hpj;bat;asm;asmx</Extensions>
    </Filter>
    <Filter Include="Archivos de encabezado">
      <UniqueIdentifier>{93995380-89BD-4b04-88EB-625FBE52EBFB}</UniqueIdentifier>
      <Extensions>h;hh;hpp;hxx;h++;hm;inl;inc;ipp;xsd</Extensions>
    </Filter>
    <Filter Include="Archivos de recursos">
      <UniqueIdentifier>{67DA6AB6-F800-4c08-8B7A-83BB121AAD01}</UniqueIdentifier>
      <Extensions>rc;ico;cur;bmp;dlg;rc2;rct;bin;rgs;gif;jpg;jpeg;jpe;resx;tiff;tif;png;wav;mfcribbon-ms</Extensions>
    </Filter>
    <Filter Include="Archivos de origen\screens">
      <UniqueIdentifier>{388adfa9-7c34-4025-90af-c13b57a7cf0f}</UniqueIdentifier>
    </Filter>
    <Filter Include="Archivos de encabezado\screens">
      <UniqueIdentifier>{7b0febdc-40fb-4631-842a-09c256a90f1b}</UniqueIdentifier>
    </Filter>
    <Filter Include="Archivos de origen\entities">
      <UniqueIdentifier>{4d4fba4e-37a9-4d07-8ad0-00c5b72534df}</UniqueIdentifier>
    </Filter>
    <Filter Include="Archivos de encabezado\entities">
      <UniqueIdentifier>{5823ae5c-abd4-4e92-8a5c-c0ca5f47025d}</UniqueIdentifier>
    </Filter>
  </ItemGroup>
  <ItemGroup>
    <ClCompile Include="main.cpp">
      <Filter>Archivos de origen</Filter>
    </ClCompile>
    <ClCompile Include="constants.cpp">
      <Filter>Archivos de origen</Filter>
    </ClCompile>
    <ClCompile Include="utils.cpp">
      <Filter>Archivos de origen</Filter>
    </ClCompile>
    <ClCompile Include="game.cpp">
      <Filter>Archivos de origen</Filter>
    </ClCompile>
    <ClCompile Include="gameplay.cpp">
      <Filter>Archivos de origen\screens</Filter>
    </ClCompile>
    <ClCompile Include="ball.cpp">
      <Filter>Archivos de origen\entities</Filter>
    </ClCompile>
    <ClCompile Include="paddle.cpp">
      <Filter>Archivos de origen\entities</Filter>
    </ClCompile>
    <ClCompile Include="player.cpp">
      <Filter>Archivos de origen\entities</Filter>
    </ClCompile>
    <ClCompile Include="menu.cpp">
      <Filter>Archivos de origen\screens</Filter>
    </ClCompile>
    <ClCompile Include="credits.cpp">
      <Filter>Archivos de origen\screens</Filter>
    </ClCompile>
  </ItemGroup>
  <ItemGroup>
    <ClInclude Include="constants.h">
      <Filter>Archivos de encabezado</Filter>
    </ClInclude>
    <ClInclude Include="utils.h">
      <Filter>Archivos de encabezado</Filter>
    </ClInclude>
    <ClInclude Include="game.h">
      <Filter>Archivos de encabezado</Filter>
    </ClInclude>
    <ClInclude Include="gameplay.h">
      <Filter>Archivos de encabezado\screens</Filter>
    </ClInclude>
    <ClInclude Include="ball.h">
      <Filter>Archivos de encabezado\entities</Filter>
    </ClInclude>
    <ClInclude Include="paddle.h">
      <Filter>Archivos de encabezado\entities</Filter>
    </ClInclude>
    <ClInclude Include="player.h">
      <Filter>Archivos de encabezado\entities</Filter>
    </ClInclude>
    <ClInclude Include="menu.h">
      <Filter>Archivos de encabezado\screens</Filter>
    </ClInclude>
    <ClInclude Include="screens.h">
      <Filter>Archivos de encabezado\screens</Filter>
    </ClInclude>
    <ClInclude Include="credits.h">
      <Filter>Archivos de encabezado\screens</Filter>
    </ClInclude>
  </ItemGroup>
</Project>