<?xml version="1.0" encoding="utf-8"?>
<Project ToolsVersion="4.0" xmlns="http://schemas.microsoft.com/developer/msbuild/2003">
  <ItemGroup>
    <Filter Include="Archivos de origen">
      <UniqueIdentifier>{4FC737F1-C7A5-4376-A066-2A32D752A2FF}</UniqueIdentifier>
      <Extensions>cpp;c;cc;cxx;c++;cppm;ixx;def;odl;idl;hpj;bat;asm;asmx</Extensions>
    </Filter>
    <Filter Include="Archivos de encabezado">
      <UniqueIdentifier>{93995380-89BD-4b04-88EB-625FBE52EBFB}</UniqueIdentifier>
      <Extensions>h;hh;hpp;hxx;h++;hm;inl;inc;ipp;xsd</Extensions>
    </Filter>
    <Filter Include="Archivos de recursos">
      <UniqueIdentifier>{67DA6AB6-F800-4c08-8B7A-83BB121AAD01}</UniqueIdentifier>
      <Extensions>rc;ico;cur;bmp;dlg;rc2;rct;bin;rgs;gif;jpg;jpeg;jpe;resx;tiff;tif;png;wav;mfcribbon-ms</Extensions>
    </Filter>
    <Filter Include="Archivos de origen\screens">
      <UniqueIdentifier>{9cfa4012-2a5d-4dcd-b1d9-9af7ba11c72c}</UniqueIdentifier>
    </Filter>
    <Filter Include="Archivos de origen\entities">
      <UniqueIdentifier>{52e5bb6e-cbf8-4013-a15f-3e13cdd038ed}</UniqueIdentifier>
    </Filter>
    <Filter Include="Archivos de encabezado\entities">
      <UniqueIdentifier>{833119e3-037d-4f3e-bb50-1790ddf2d5ad}</UniqueIdentifier>
    </Filter>
    <Filter Include="Archivos de encabezado\screens">
      <UniqueIdentifier>{4e204052-63e9-4b38-804d-27376f611aea}</UniqueIdentifier>
    </Filter>
    <Filter Include="Archivos de origen\screens\draws">
      <UniqueIdentifier>{0fa27fd7-39cc-45c4-8413-eb0b164fb566}</UniqueIdentifier>
    </Filter>
    <Filter Include="Archivos de encabezado\screens\draws">
      <UniqueIdentifier>{3de1bb3d-b303-491e-8295-4a3c26a1798c}</UniqueIdentifier>
    </Filter>
  </ItemGroup>
  <ItemGroup>
    <ClCompile Include="src\main.cpp">
      <Filter>Archivos de origen</Filter>
    </ClCompile>
    <ClCompile Include="src\constants.cpp">
      <Filter>Archivos de origen</Filter>
    </ClCompile>
    <ClCompile Include="src\game.cpp">
      <Filter>Archivos de origen</Filter>
    </ClCompile>
    <ClCompile Include="src\timer.cpp">
      <Filter>Archivos de origen</Filter>
    </ClCompile>
    <ClCompile Include="src\utils.cpp">
      <Filter>Archivos de origen</Filter>
    </ClCompile>
    <ClCompile Include="src\screens\credits.cpp">
      <Filter>Archivos de origen\screens</Filter>
    </ClCompile>
    <ClCompile Include="src\screens\gameplay.cpp">
      <Filter>Archivos de origen\screens</Filter>
    </ClCompile>
    <ClCompile Include="src\screens\menu.cpp">
      <Filter>Archivos de origen\screens</Filter>
    </ClCompile>
    <ClCompile Include="src\entities\ball.cpp">
      <Filter>Archivos de origen\entities</Filter>
    </ClCompile>
    <ClCompile Include="src\entities\paddle.cpp">
      <Filter>Archivos de origen\entities</Filter>
    </ClCompile>
    <ClCompile Include="src\entities\player.cpp">
      <Filter>Archivos de origen\entities</Filter>
    </ClCompile>
    <ClCompile Include="src\entities\powerUp.cpp">
      <Filter>Archivos de origen\entities</Filter>
    </ClCompile>
    <ClCompile Include="src\screens\draws\gameplayDraws.cpp">
      <Filter>Archivos de origen\screens\draws</Filter>
    </ClCompile>
    <ClCompile Include="src\screens\rules.cpp">
      <Filter>Archivos de origen\screens</Filter>
    </ClCompile>
  </ItemGroup>
  <ItemGroup>
    <ClInclude Include="src\constants.h">
      <Filter>Archivos de encabezado</Filter>
    </ClInclude>
    <ClInclude Include="src\game.h">
      <Filter>Archivos de encabezado</Filter>
    </ClInclude>
    <ClInclude Include="src\timer.h">
      <Filter>Archivos de encabezado</Filter>
    </ClInclude>
    <ClInclude Include="src\screens.h">
      <Filter>Archivos de encabezado</Filter>
    </ClInclude>
    <ClInclude Include="src\utils.h">
      <Filter>Archivos de encabezado</Filter>
    </ClInclude>
    <ClInclude Include="src\entities\ball.h">
      <Filter>Archivos de encabezado\entities</Filter>
    </ClInclude>
    <ClInclude Include="src\entities\paddle.h">
      <Filter>Archivos de encabezado\entities</Filter>
    </ClInclude>
    <ClInclude Include="src\entities\player.h">
      <Filter>Archivos de encabezado\entities</Filter>
    </ClInclude>
    <ClInclude Include="src\entities\powerUp.h">
      <Filter>Archivos de encabezado\entities</Filter>
    </ClInclude>
    <ClInclude Include="src\screens\credits.h">
      <Filter>Archivos de encabezado\screens</Filter>
    </ClInclude>
    <ClInclude Include="src\screens\gameplay.h">
      <Filter>Archivos de encabezado\screens</Filter>
    </ClInclude>
    <ClInclude Include="src\screens\menu.h">
      <Filter>Archivos de encabezado\screens</Filter>
    </ClInclude>
    <ClInclude Include="src\screens\draws\gameplayDraws.h">
      <Filter>Archivos de encabezado\screens\draws</Filter>
    </ClInclude>
    <ClInclude Include="src\screens\rules.h">
      <Filter>Archivos de encabezado\screens</Filter>
    </ClInclude>
  </ItemGroup>
</Project>